
Microsoft Visual Studio Solution File, Format Version 12.00
# Visual Studio 2012
Project("{FAE04EC0-301F-11D3-BF4B-00C04F79EFBC}") = "RealEstate.Parsing", "RealEstate.Parsing\RealEstate.Parsing.csproj", "{C3E0916A-3C00-4543-8AB3-FF43084AE124}"
EndProject
Project("{FAE04EC0-301F-11D3-BF4B-00C04F79EFBC}") = "RealEstate.Parsing.UI", "RealEstate.Parsing.UI\RealEstate.Parsing.UI.csproj", "{06FE17D4-1B77-48E7-9D25-B529FF318516}"
EndProject
Project("{FAE04EC0-301F-11D3-BF4B-00C04F79EFBC}") = "RealEstate.Parsing.Tests", "RealEstate.Parsing.Tests\RealEstate.Parsing.Tests.csproj", "{6E9A2476-0ED7-4572-A80E-DCEB9A13BADF}"
EndProject
Global
	GlobalSection(SolutionConfigurationPlatforms) = preSolution
		Debug|Any CPU = Debug|Any CPU
		Release|Any CPU = Release|Any CPU
	EndGlobalSection
	GlobalSection(ProjectConfigurationPlatforms) = postSolution
		{C3E0916A-3C00-4543-8AB3-FF43084AE124}.Debug|Any CPU.ActiveCfg = Debug|Any CPU
		{C3E0916A-3C00-4543-8AB3-FF43084AE124}.Debug|Any CPU.Build.0 = Debug|Any CPU
		{C3E0916A-3C00-4543-8AB3-FF43084AE124}.Release|Any CPU.ActiveCfg = Release|Any CPU
		{C3E0916A-3C00-4543-8AB3-FF43084AE124}.Release|Any CPU.Build.0 = Release|Any CPU
		{06FE17D4-1B77-48E7-9D25-B529FF318516}.Debug|Any CPU.ActiveCfg = Debug|Any CPU
		{06FE17D4-1B77-48E7-9D25-B529FF318516}.Debug|Any CPU.Build.0 = Debug|Any CPU
		{06FE17D4-1B77-48E7-9D25-B529FF318516}.Release|Any CPU.ActiveCfg = Release|Any CPU
		{06FE17D4-1B77-48E7-9D25-B529FF318516}.Release|Any CPU.Build.0 = Release|Any CPU
		{6E9A2476-0ED7-4572-A80E-DCEB9A13BADF}.Debug|Any CPU.ActiveCfg = Debug|Any CPU
		{6E9A2476-0ED7-4572-A80E-DCEB9A13BADF}.Debug|Any CPU.Build.0 = Debug|Any CPU
		{6E9A2476-0ED7-4572-A80E-DCEB9A13BADF}.Release|Any CPU.ActiveCfg = Release|Any CPU
		{6E9A2476-0ED7-4572-A80E-DCEB9A13BADF}.Release|Any CPU.Build.0 = Release|Any CPU
	EndGlobalSection
	GlobalSection(SolutionProperties) = preSolution
		HideSolutionNode = FALSE
	EndGlobalSection
EndGlobal
